Microsoft Visual Studio Solution File, Format Version 11.00
# Visual Studio 2008

Project("{768F3F13-5765-C433-1742-177E679639C3}") = "Isometric Test", "Assembly-CSharp.csproj", "{75490F41-0FFB-C905-DCF0-5D03D1D93757}"
EndProject
Global
	GlobalSection(SolutionConfigurationPlatforms) = preSolution
		Debug|Any CPU = Debug|Any CPU
		Release|Any CPU = Release|Any CPU
	EndGlobalSection
	GlobalSection(ProjectConfigurationPlatforms) = postSolution
		{75490F41-0FFB-C905-DCF0-5D03D1D93757}.Debug|Any CPU.ActiveCfg = Debug|Any CPU
		{75490F41-0FFB-C905-DCF0-5D03D1D93757}.Debug|Any CPU.Build.0 = Debug|Any CPU
		{75490F41-0FFB-C905-DCF0-5D03D1D93757}.Release|Any CPU.ActiveCfg = Release|Any CPU
		{75490F41-0FFB-C905-DCF0-5D03D1D93757}.Release|Any CPU.Build.0 = Release|Any CPU
	EndGlobalSection
	GlobalSection(SolutionProperties) = preSolution
		HideSolutionNode = FALSE
	EndGlobalSection
	GlobalSection(MonoDevelopProperties) = preSolution
		StartupItem = Assembly-CSharp.csproj
	EndGlobalSection
EndGlobal
